
Microsoft Visual Studio Solution File, Format Version 12.00
# Visual Studio Version 17
VisualStudioVersion = 17.4.33205.214
MinimumVisualStudioVersion = 10.0.40219.1
Project("{2150E333-8FDC-42A3-9474-1A3956D46DE8}") = "src", "src", "{FAEB04C2-5C54-436B-90DE-07A23D24007D}"
EndProject
Project("{2150E333-8FDC-42A3-9474-1A3956D46DE8}") = "Domain", "Domain", "{870E7C22-C7E8-4691-80AA-1856ECD03EA3}"
EndProject
Project("{2150E333-8FDC-42A3-9474-1A3956D46DE8}") = "Infrastructure", "Infrastructure", "{65075C25-056A-403B-9010-B9A98AAD695B}"
EndProject
Project("{9A19103F-16F7-4668-BE54-9A1E7A4F7556}") = "SurveyApp.Entities", "src\Domain\Survey.Entities\SurveyApp.Entities.csproj", "{70E0B4B3-8B71-4A79-9573-D5CBC719A82F}"
EndProject
Project("{9A19103F-16F7-4668-BE54-9A1E7A4F7556}") = "SurveyApp.Infrastructure", "src\Infrastructure\Survey.Infrastructure\SurveyApp.Infrastructure.csproj", "{137EB4ED-1507-4F6A-9AFF-70B12F45A9FA}"
EndProject
Project("{2150E333-8FDC-42A3-9474-1A3956D46DE8}") = "WebAPI", "WebAPI", "{BCA95A7D-DA47-4C3F-B4EE-F13C56D1E599}"
EndProject
Project("{9A19103F-16F7-4668-BE54-9A1E7A4F7556}") = "SurveyApp.API", "src\WebAPI\SurveyApp.API\SurveyApp.API.csproj", "{28B35616-4D1C-49A4-89A9-42C166710447}"
EndProject
Project("{2150E333-8FDC-42A3-9474-1A3956D46DE8}") = "Application", "Application", "{3EEB1F64-2370-44FC-AD45-A8D96B485FB3}"
EndProject
Project("{9A19103F-16F7-4668-BE54-9A1E7A4F7556}") = "SurveyApp.Services", "src\Application\SurveyApp.Services\SurveyApp.Services.csproj", "{417552A5-26EC-4304-9F0D-2F890B76EFD2}"
EndProject
Project("{2150E333-8FDC-42A3-9474-1A3956D46DE8}") = "WebUI", "WebUI", "{AA925299-68B8-4EEF-A7D4-CBCF9F836821}"
EndProject
Project("{9A19103F-16F7-4668-BE54-9A1E7A4F7556}") = "SurveyApp.Mvc", "src\WebUI\SurveyApp.Mvc\SurveyApp.Mvc.csproj", "{634E541C-FA7C-44E5-81B7-7C6067EE62BF}"
EndProject
Project("{9A19103F-16F7-4668-BE54-9A1E7A4F7556}") = "SurveyApp.DataTransferObjects", "src\Application\SurveyApp.DataTransferObjects\SurveyApp.DataTransferObjects.csproj", "{772F707F-8E38-462C-999F-227F291C93F2}"
EndProject
Global
	GlobalSection(SolutionConfigurationPlatforms) = preSolution
		Debug|Any CPU = Debug|Any CPU
		Release|Any CPU = Release|Any CPU
	EndGlobalSection
	GlobalSection(ProjectConfigurationPlatforms) = postSolution
		{70E0B4B3-8B71-4A79-9573-D5CBC719A82F}.Debug|Any CPU.ActiveCfg = Debug|Any CPU
		{70E0B4B3-8B71-4A79-9573-D5CBC719A82F}.Debug|Any CPU.Build.0 = Debug|Any CPU
		{70E0B4B3-8B71-4A79-9573-D5CBC719A82F}.Release|Any CPU.ActiveCfg = Release|Any CPU
		{70E0B4B3-8B71-4A79-9573-D5CBC719A82F}.Release|Any CPU.Build.0 = Release|Any CPU
		{137EB4ED-1507-4F6A-9AFF-70B12F45A9FA}.Debug|Any CPU.ActiveCfg = Debug|Any CPU
		{137EB4ED-1507-4F6A-9AFF-70B12F45A9FA}.Debug|Any CPU.Build.0 = Debug|Any CPU
		{137EB4ED-1507-4F6A-9AFF-70B12F45A9FA}.Release|Any CPU.ActiveCfg = Release|Any CPU
		{137EB4ED-1507-4F6A-9AFF-70B12F45A9FA}.Release|Any CPU.Build.0 = Release|Any CPU
		{28B35616-4D1C-49A4-89A9-42C166710447}.Debug|Any CPU.ActiveCfg = Debug|Any CPU
		{28B35616-4D1C-49A4-89A9-42C166710447}.Debug|Any CPU.Build.0 = Debug|Any CPU
		{28B35616-4D1C-49A4-89A9-42C166710447}.Release|Any CPU.ActiveCfg = Release|Any CPU
		{28B35616-4D1C-49A4-89A9-42C166710447}.Release|Any CPU.Build.0 = Release|Any CPU
		{417552A5-26EC-4304-9F0D-2F890B76EFD2}.Debug|Any CPU.ActiveCfg = Debug|Any CPU
		{417552A5-26EC-4304-9F0D-2F890B76EFD2}.Debug|Any CPU.Build.0 = Debug|Any CPU
		{417552A5-26EC-4304-9F0D-2F890B76EFD2}.Release|Any CPU.ActiveCfg = Release|Any CPU
		{417552A5-26EC-4304-9F0D-2F890B76EFD2}.Release|Any CPU.Build.0 = Release|Any CPU
		{634E541C-FA7C-44E5-81B7-7C6067EE62BF}.Debug|Any CPU.ActiveCfg = Debug|Any CPU
		{634E541C-FA7C-44E5-81B7-7C6067EE62BF}.Debug|Any CPU.Build.0 = Debug|Any CPU
		{634E541C-FA7C-44E5-81B7-7C6067EE62BF}.Release|Any CPU.ActiveCfg = Release|Any CPU
		{634E541C-FA7C-44E5-81B7-7C6067EE62BF}.Release|Any CPU.Build.0 = Release|Any CPU
		{772F707F-8E38-462C-999F-227F291C93F2}.Debug|Any CPU.ActiveCfg = Debug|Any CPU
		{772F707F-8E38-462C-999F-227F291C93F2}.Debug|Any CPU.Build.0 = Debug|Any CPU
		{772F707F-8E38-462C-999F-227F291C93F2}.Release|Any CPU.ActiveCfg = Release|Any CPU
		{772F707F-8E38-462C-999F-227F291C93F2}.Release|Any CPU.Build.0 = Release|Any CPU
	EndGlobalSection
	GlobalSection(SolutionProperties) = preSolution
		HideSolutionNode = FALSE
	EndGlobalSection
	GlobalSection(NestedProjects) = preSolution
		{870E7C22-C7E8-4691-80AA-1856ECD03EA3} = {FAEB04C2-5C54-436B-90DE-07A23D24007D}
		{65075C25-056A-403B-9010-B9A98AAD695B} = {FAEB04C2-5C54-436B-90DE-07A23D24007D}
		{70E0B4B3-8B71-4A79-9573-D5CBC719A82F} = {870E7C22-C7E8-4691-80AA-1856ECD03EA3}
		{137EB4ED-1507-4F6A-9AFF-70B12F45A9FA} = {65075C25-056A-403B-9010-B9A98AAD695B}
		{BCA95A7D-DA47-4C3F-B4EE-F13C56D1E599} = {FAEB04C2-5C54-436B-90DE-07A23D24007D}
		{28B35616-4D1C-49A4-89A9-42C166710447} = {BCA95A7D-DA47-4C3F-B4EE-F13C56D1E599}
		{3EEB1F64-2370-44FC-AD45-A8D96B485FB3} = {FAEB04C2-5C54-436B-90DE-07A23D24007D}
		{417552A5-26EC-4304-9F0D-2F890B76EFD2} = {3EEB1F64-2370-44FC-AD45-A8D96B485FB3}
		{AA925299-68B8-4EEF-A7D4-CBCF9F836821} = {FAEB04C2-5C54-436B-90DE-07A23D24007D}
		{634E541C-FA7C-44E5-81B7-7C6067EE62BF} = {AA925299-68B8-4EEF-A7D4-CBCF9F836821}
		{772F707F-8E38-462C-999F-227F291C93F2} = {3EEB1F64-2370-44FC-AD45-A8D96B485FB3}
	EndGlobalSection
	GlobalSection(ExtensibilityGlobals) = postSolution
		SolutionGuid = {6F7E3C2B-97CF-4B64-950B-ABFBB6DE3D32}
	EndGlobalSection
EndGlobal
