
Microsoft Visual Studio Solution File, Format Version 12.00
# Visual Studio Version 17
VisualStudioVersion = 17.4.33205.214
MinimumVisualStudioVersion = 10.0.40219.1
Project("{2150E333-8FDC-42A3-9474-1A3956D46DE8}") = "src", "src", "{A50F288F-82F6-4F0C-9F57-9F1FF5888916}"
EndProject
Project("{2150E333-8FDC-42A3-9474-1A3956D46DE8}") = "Application", "Application", "{C4306320-2CAE-44E3-BAB9-0C0C75068A2F}"
EndProject
Project("{2150E333-8FDC-42A3-9474-1A3956D46DE8}") = "Domains", "Domains", "{3497BAC9-0B81-40CB-A8F3-E265273E8105}"
EndProject
Project("{2150E333-8FDC-42A3-9474-1A3956D46DE8}") = "Infrastructure", "Infrastructure", "{67D1DAFF-9076-4195-91A2-C2BFC6864C4A}"
EndProject
Project("{2150E333-8FDC-42A3-9474-1A3956D46DE8}") = "webUI", "webUI", "{7486AA6F-86B3-4D3F-9879-EA8C2A8480F1}"
EndProject
Project("{9A19103F-16F7-4668-BE54-9A1E7A4F7556}") = "CareerApp.Mvc", "src\webUI\CareerApp.Mvc\CareerApp.Mvc.csproj", "{975E54D2-9B8A-4B40-9FA7-350FFC6645C3}"
EndProject
Project("{9A19103F-16F7-4668-BE54-9A1E7A4F7556}") = "CareerApp.Entities", "src\Domains\CareerApp.Entities\CareerApp.Entities.csproj", "{6E18782C-E14E-420E-AC37-927C8A2F293D}"
EndProject
Project("{9A19103F-16F7-4668-BE54-9A1E7A4F7556}") = "CareerApp.Infrastructure", "src\Infrastructure\CareerApp.Infrastructure\CareerApp.Infrastructure.csproj", "{B4074485-1D49-4D07-BF39-89EAB42616E4}"
EndProject
Project("{9A19103F-16F7-4668-BE54-9A1E7A4F7556}") = "CareerApp.Services", "src\Application\CareerApp.Services\CareerApp.Services.csproj", "{9166DCF9-358F-4239-B887-24C0DFC05144}"
EndProject
Project("{2150E333-8FDC-42A3-9474-1A3956D46DE8}") = "CareerApp.Services", "CareerApp.Services", "{67E09812-C80D-4A09-ABC9-399BC8F20E68}"
EndProject
Project("{2150E333-8FDC-42A3-9474-1A3956D46DE8}") = "CareerApp.DataTransferObjects", "CareerApp.DataTransferObjects", "{3344133D-8DC7-4029-895A-83B6B4C83011}"
EndProject
Project("{FAE04EC0-301F-11D3-BF4B-00C04F79EFBC}") = "CareerApp.DataTransferObjects", "src\Application\CareerApp.DataTransferObjects\CareerApp.DataTransferObjects\CareerApp.DataTransferObjects.csproj", "{60F8A04B-AB87-4646-89F0-F55ACBB173CC}"
EndProject
Global
	GlobalSection(SolutionConfigurationPlatforms) = preSolution
		Debug|Any CPU = Debug|Any CPU
		Release|Any CPU = Release|Any CPU
	EndGlobalSection
	GlobalSection(ProjectConfigurationPlatforms) = postSolution
		{975E54D2-9B8A-4B40-9FA7-350FFC6645C3}.Debug|Any CPU.ActiveCfg = Debug|Any CPU
		{975E54D2-9B8A-4B40-9FA7-350FFC6645C3}.Debug|Any CPU.Build.0 = Debug|Any CPU
		{975E54D2-9B8A-4B40-9FA7-350FFC6645C3}.Release|Any CPU.ActiveCfg = Release|Any CPU
		{975E54D2-9B8A-4B40-9FA7-350FFC6645C3}.Release|Any CPU.Build.0 = Release|Any CPU
		{6E18782C-E14E-420E-AC37-927C8A2F293D}.Debug|Any CPU.ActiveCfg = Debug|Any CPU
		{6E18782C-E14E-420E-AC37-927C8A2F293D}.Debug|Any CPU.Build.0 = Debug|Any CPU
		{6E18782C-E14E-420E-AC37-927C8A2F293D}.Release|Any CPU.ActiveCfg = Release|Any CPU
		{6E18782C-E14E-420E-AC37-927C8A2F293D}.Release|Any CPU.Build.0 = Release|Any CPU
		{B4074485-1D49-4D07-BF39-89EAB42616E4}.Debug|Any CPU.ActiveCfg = Debug|Any CPU
		{B4074485-1D49-4D07-BF39-89EAB42616E4}.Debug|Any CPU.Build.0 = Debug|Any CPU
		{B4074485-1D49-4D07-BF39-89EAB42616E4}.Release|Any CPU.ActiveCfg = Release|Any CPU
		{B4074485-1D49-4D07-BF39-89EAB42616E4}.Release|Any CPU.Build.0 = Release|Any CPU
		{9166DCF9-358F-4239-B887-24C0DFC05144}.Debug|Any CPU.ActiveCfg = Debug|Any CPU
		{9166DCF9-358F-4239-B887-24C0DFC05144}.Debug|Any CPU.Build.0 = Debug|Any CPU
		{9166DCF9-358F-4239-B887-24C0DFC05144}.Release|Any CPU.ActiveCfg = Release|Any CPU
		{9166DCF9-358F-4239-B887-24C0DFC05144}.Release|Any CPU.Build.0 = Release|Any CPU
		{60F8A04B-AB87-4646-89F0-F55ACBB173CC}.Debug|Any CPU.ActiveCfg = Debug|Any CPU
		{60F8A04B-AB87-4646-89F0-F55ACBB173CC}.Debug|Any CPU.Build.0 = Debug|Any CPU
		{60F8A04B-AB87-4646-89F0-F55ACBB173CC}.Release|Any CPU.ActiveCfg = Release|Any CPU
		{60F8A04B-AB87-4646-89F0-F55ACBB173CC}.Release|Any CPU.Build.0 = Release|Any CPU
	EndGlobalSection
	GlobalSection(SolutionProperties) = preSolution
		HideSolutionNode = FALSE
	EndGlobalSection
	GlobalSection(NestedProjects) = preSolution
		{C4306320-2CAE-44E3-BAB9-0C0C75068A2F} = {A50F288F-82F6-4F0C-9F57-9F1FF5888916}
		{3497BAC9-0B81-40CB-A8F3-E265273E8105} = {A50F288F-82F6-4F0C-9F57-9F1FF5888916}
		{67D1DAFF-9076-4195-91A2-C2BFC6864C4A} = {A50F288F-82F6-4F0C-9F57-9F1FF5888916}
		{7486AA6F-86B3-4D3F-9879-EA8C2A8480F1} = {A50F288F-82F6-4F0C-9F57-9F1FF5888916}
		{975E54D2-9B8A-4B40-9FA7-350FFC6645C3} = {7486AA6F-86B3-4D3F-9879-EA8C2A8480F1}
		{6E18782C-E14E-420E-AC37-927C8A2F293D} = {3497BAC9-0B81-40CB-A8F3-E265273E8105}
		{B4074485-1D49-4D07-BF39-89EAB42616E4} = {67D1DAFF-9076-4195-91A2-C2BFC6864C4A}
		{9166DCF9-358F-4239-B887-24C0DFC05144} = {67E09812-C80D-4A09-ABC9-399BC8F20E68}
		{67E09812-C80D-4A09-ABC9-399BC8F20E68} = {C4306320-2CAE-44E3-BAB9-0C0C75068A2F}
		{3344133D-8DC7-4029-895A-83B6B4C83011} = {C4306320-2CAE-44E3-BAB9-0C0C75068A2F}
		{60F8A04B-AB87-4646-89F0-F55ACBB173CC} = {3344133D-8DC7-4029-895A-83B6B4C83011}
	EndGlobalSection
	GlobalSection(ExtensibilityGlobals) = postSolution
		SolutionGuid = {607FD466-C3EF-4A47-A9AE-921F385615FF}
	EndGlobalSection
EndGlobal
